{
  "name": "open-source-guide",
  "requires": true,
  "lockfileVersion": 1,
  "dependencies": {
    "primer-base": {
      "version": "1.7.3",
      "resolved": "https://registry.npmjs.org/primer-base/-/primer-base-1.7.3.tgz",
      "integrity": "sha1-+SL3BA/fYvOPEqmeXZW1Iqhecvw=",
      "requires": {
        "primer-support": "4.5.5"
      },
      "dependencies": {
        "primer-support": {
          "version": "4.5.5",
          "resolved": "https://registry.npmjs.org/primer-support/-/primer-support-4.5.5.tgz",
          "integrity": "sha1-YNKS4Qk31E3n8/FYIlb7bOYK54A="
        }
      }
    },
    "primer-box": {
      "version": "2.5.8",
      "resolved": "https://registry.npmjs.org/primer-box/-/primer-box-2.5.8.tgz",
      "integrity": "sha1-s/qvZm4vv/cgKd6ahTc3Nx3dXH8=",
      "requires": {
        "primer-support": "4.5.5"
      },
      "dependencies": {
        "primer-support": {
          "version": "4.5.5",
          "resolved": "https://registry.npmjs.org/primer-support/-/primer-support-4.5.5.tgz",
          "integrity": "sha1-YNKS4Qk31E3n8/FYIlb7bOYK54A="
        }
      }
    },
    "primer-breadcrumb": {
      "version": "1.5.4",
      "resolved": "https://registry.npmjs.org/primer-breadcrumb/-/primer-breadcrumb-1.5.4.tgz",
      "integrity": "sha1-QZgiX0+OdGklHscha6HLIKH0Sk4=",
      "requires": {
        "primer-support": "4.5.5"
      },
      "dependencies": {
        "primer-support": {
          "version": "4.5.5",
          "resolved": "https://registry.npmjs.org/primer-support/-/primer-support-4.5.5.tgz",
          "integrity": "sha1-YNKS4Qk31E3n8/FYIlb7bOYK54A="
        }
      }
    },
    "primer-buttons": {
      "version": "2.5.6",
      "resolved": "https://registry.npmjs.org/primer-buttons/-/primer-buttons-2.5.6.tgz",
      "integrity": "sha1-kn6nPGf6763s3cGa+nJjFaumm8Q=",
      "requires": {
        "primer-support": "4.5.5"
      },
      "dependencies": {
        "primer-support": {
          "version": "4.5.5",
          "resolved": "https://registry.npmjs.org/primer-support/-/primer-support-4.5.5.tgz",
          "integrity": "sha1-YNKS4Qk31E3n8/FYIlb7bOYK54A="
        }
      }
    },
    "primer-core": {
      "version": "6.10.2",
      "resolved": "https://registry.npmjs.org/primer-core/-/primer-core-6.10.2.tgz",
      "integrity": "sha1-ynu5IQopwyc5gU9G8lKipKpMnS0=",
      "requires": {
        "primer-base": "1.7.3",
        "primer-box": "2.5.8",
        "primer-breadcrumb": "1.5.4",
        "primer-buttons": "2.5.6",
        "primer-forms": "2.1.3",
        "primer-layout": "1.4.8",
        "primer-navigation": "1.5.6",
        "primer-pagination": "1.0.2",
        "primer-support": "4.5.5",
        "primer-table-object": "1.4.8",
        "primer-tooltips": "1.5.6",
        "primer-truncate": "1.4.8",
        "primer-utilities": "4.11.2"
      },
      "dependencies": {
        "primer-support": {
          "version": "4.5.5",
          "resolved": "https://registry.npmjs.org/primer-support/-/primer-support-4.5.5.tgz",
          "integrity": "sha1-YNKS4Qk31E3n8/FYIlb7bOYK54A="
        }
      }
    },
    "primer-forms": {
      "version": "2.1.3",
      "resolved": "https://registry.npmjs.org/primer-forms/-/primer-forms-2.1.3.tgz",
      "integrity": "sha1-16MPpWEmSgfkS3+5VLE2+Nxm1RU=",
      "requires": {
        "primer-support": "4.5.5"
      },
      "dependencies": {
        "primer-support": {
          "version": "4.5.5",
          "resolved": "https://registry.npmjs.org/primer-support/-/primer-support-4.5.5.tgz",
          "integrity": "sha1-YNKS4Qk31E3n8/FYIlb7bOYK54A="
        }
      }
    },
    "primer-layout": {
      "version": "1.4.8",
      "resolved": "https://registry.npmjs.org/primer-layout/-/primer-layout-1.4.8.tgz",
      "integrity": "sha1-JpVedJ35XrikTV7rBtUqLPCrIbE=",
      "requires": {
        "primer-support": "4.5.5"
      },
      "dependencies": {
        "primer-support": {
          "version": "4.5.5",
          "resolved": "https://registry.npmjs.org/primer-support/-/primer-support-4.5.5.tgz",
          "integrity": "sha1-YNKS4Qk31E3n8/FYIlb7bOYK54A="
        }
      }
    },
    "primer-marketing": {
      "version": "6.2.2",
      "resolved": "https://registry.npmjs.org/primer-marketing/-/primer-marketing-6.2.2.tgz",
      "integrity": "sha1-HXCHr91RD+JlcKGz182YGmUK63Y=",
      "requires": {
        "primer-marketing-buttons": "1.0.6",
        "primer-marketing-support": "1.5.2",
        "primer-marketing-type": "1.4.7",
        "primer-marketing-utilities": "1.6.3",
        "primer-page-headers": "1.4.7",
        "primer-page-sections": "1.4.7",
        "primer-support": "4.5.4",
        "primer-tables": "1.4.7"
      }
    },
    "primer-marketing-buttons": {
      "version": "1.0.6",
      "resolved": "https://registry.npmjs.org/primer-marketing-buttons/-/primer-marketing-buttons-1.0.6.tgz",
      "integrity": "sha1-UMBSi4QtTnPGiEJR37vdnw4K4KI=",
      "requires": {
        "primer-support": "4.5.4"
      }
    },
    "primer-marketing-support": {
      "version": "1.5.2",
      "resolved": "https://registry.npmjs.org/primer-marketing-support/-/primer-marketing-support-1.5.2.tgz",
      "integrity": "sha1-WfYpnvGtldv12xo6vEQfKdAfCYw="
    },
    "primer-marketing-type": {
      "version": "1.4.7",
      "resolved": "https://registry.npmjs.org/primer-marketing-type/-/primer-marketing-type-1.4.7.tgz",
      "integrity": "sha1-NnXtxpoPMSBaE4cUSPt0jN5tEBY=",
      "requires": {
        "primer-marketing-support": "1.5.2",
        "primer-support": "4.5.4"
      }
    },
    "primer-marketing-utilities": {
      "version": "1.6.3",
      "resolved": "https://registry.npmjs.org/primer-marketing-utilities/-/primer-marketing-utilities-1.6.3.tgz",
      "integrity": "sha1-feBG/AX2Wt+NtYb/Fb56uHMsmOQ=",
      "requires": {
        "primer-marketing-support": "1.5.2",
        "primer-support": "4.5.4"
      }
    },
    "primer-navigation": {
      "version": "1.5.6",
      "resolved": "https://registry.npmjs.org/primer-navigation/-/primer-navigation-1.5.6.tgz",
      "integrity": "sha1-kZ29mGmlIO2mwKDG6y6QkejUgU4=",
      "requires": {
        "primer-support": "4.5.5"
      },
      "dependencies": {
        "primer-support": {
          "version": "4.5.5",
          "resolved": "https://registry.npmjs.org/primer-support/-/primer-support-4.5.5.tgz",
          "integrity": "sha1-YNKS4Qk31E3n8/FYIlb7bOYK54A="
        }
      }
    },
    "primer-page-headers": {
      "version": "1.4.7",
      "resolved": "https://registry.npmjs.org/primer-page-headers/-/primer-page-headers-1.4.7.tgz",
      "integrity": "sha1-nZgMhoDI+Kt/+DjMMHDaTmJSaPw=",
      "requires": {
        "primer-marketing-support": "1.5.2",
        "primer-support": "4.5.4"
      }
    },
    "primer-page-sections": {
      "version": "1.4.7",
      "resolved": "https://registry.npmjs.org/primer-page-sections/-/primer-page-sections-1.4.7.tgz",
      "integrity": "sha1-5YnZWzKie052Yr3WAP298JXSY2k=",
      "requires": {
        "primer-marketing-support": "1.5.2",
        "primer-support": "4.5.4"
      }
    },
    "primer-pagination": {
      "version": "1.0.2",
      "resolved": "https://registry.npmjs.org/primer-pagination/-/primer-pagination-1.0.2.tgz",
      "integrity": "sha1-XhbQ355K9Dphjkvsys+9kKCkjvw=",
      "requires": {
        "primer-support": "4.5.5"
      },
      "dependencies": {
        "primer-support": {
          "version": "4.5.5",
          "resolved": "https://registry.npmjs.org/primer-support/-/primer-support-4.5.5.tgz",
          "integrity": "sha1-YNKS4Qk31E3n8/FYIlb7bOYK54A="
        }
      }
    },
    "primer-support": {
      "version": "4.5.4",
      "resolved": "https://registry.npmjs.org/primer-support/-/primer-support-4.5.4.tgz",
      "integrity": "sha1-BfNa+u4ncyZMSJ+rYzC5MVc7YEc="
    },
    "primer-table-object": {
      "version": "1.4.8",
      "resolved": "https://registry.npmjs.org/primer-table-object/-/primer-table-object-1.4.8.tgz",
      "integrity": "sha1-v4GwWHXUKEpwTC1B5PLaDi9iuX0=",
      "requires": {
        "primer-support": "4.5.5"
      },
      "dependencies": {
        "primer-support": {
          "version": "4.5.5",
          "resolved": "https://registry.npmjs.org/primer-support/-/primer-support-4.5.5.tgz",
          "integrity": "sha1-YNKS4Qk31E3n8/FYIlb7bOYK54A="
        }
      }
    },
    "primer-tables": {
      "version": "1.4.7",
      "resolved": "https://registry.npmjs.org/primer-tables/-/primer-tables-1.4.7.tgz",
      "integrity": "sha1-4Z5PCt/uieu3bfudoH5Wx21xhAg=",
      "requires": {
        "primer-marketing-support": "1.5.2",
        "primer-support": "4.5.4"
      }
    },
    "primer-tooltips": {
      "version": "1.5.6",
      "resolved": "https://registry.npmjs.org/primer-tooltips/-/primer-tooltips-1.5.6.tgz",
      "integrity": "sha1-jc+CNJAniHK3F+QYc0MF5pmwDUA=",
      "requires": {
        "primer-support": "4.5.5"
      },
      "dependencies": {
        "primer-support": {
          "version": "4.5.5",
          "resolved": "https://registry.npmjs.org/primer-support/-/primer-support-4.5.5.tgz",
          "integrity": "sha1-YNKS4Qk31E3n8/FYIlb7bOYK54A="
        }
      }
    },
    "primer-truncate": {
      "version": "1.4.8",
      "resolved": "https://registry.npmjs.org/primer-truncate/-/primer-truncate-1.4.8.tgz",
      "integrity": "sha1-2X1cbMeiYltmq0QRBIaP9IPSSU4=",
      "requires": {
        "primer-support": "4.5.5"
      },
      "dependencies": {
        "primer-support": {
          "version": "4.5.5",
          "resolved": "https://registry.npmjs.org/primer-support/-/primer-support-4.5.5.tgz",
          "integrity": "sha1-YNKS4Qk31E3n8/FYIlb7bOYK54A="
        }
      }
    },
    "primer-utilities": {
      "version": "4.11.2",
      "resolved": "https://registry.npmjs.org/primer-utilities/-/primer-utilities-4.11.2.tgz",
      "integrity": "sha1-IOpkRTt1FEajirAZtjRuCYJ5XVQ=",
      "requires": {
        "primer-support": "4.5.5"
      },
      "dependencies": {
        "primer-support": {
          "version": "4.5.5",
          "resolved": "https://registry.npmjs.org/primer-support/-/primer-support-4.5.5.tgz",
          "integrity": "sha1-YNKS4Qk31E3n8/FYIlb7bOYK54A="
        }
      }
    }
  }
}
