{
  "name": "open-source-guide",
  "requires": true,
  "lockfileVersion": 1,
  "dependencies": {
    "primer-base": {
      "version": "1.1.5",
      "resolved": "https://registry.npmjs.org/primer-base/-/primer-base-1.1.5.tgz",
      "integrity": "sha1-HWfo61Q3C4UGKdSDCX0ZMGzHXsw=",
      "requires": {
        "primer-support": "4.0.7"
      }
    },
    "primer-box": {
      "version": "2.1.8",
      "resolved": "https://registry.npmjs.org/primer-box/-/primer-box-2.1.8.tgz",
      "integrity": "sha1-xFO/zrAKlZIR+yOhJG3DN6UmW18=",
      "requires": {
        "primer-support": "4.0.7"
      }
    },
    "primer-breadcrumb": {
      "version": "1.0.2",
      "resolved": "https://registry.npmjs.org/primer-breadcrumb/-/primer-breadcrumb-1.0.2.tgz",
      "integrity": "sha1-WVi8DbEJV/ZBQXAHyrfJybSkk/8=",
      "requires": {
        "primer-marketing-support": "1.0.2",
        "primer-support": "4.0.7"
      }
    },
    "primer-buttons": {
      "version": "2.0.6",
      "resolved": "https://registry.npmjs.org/primer-buttons/-/primer-buttons-2.0.6.tgz",
      "integrity": "sha1-G8YrZR3hATu507wIXbf4ho+tMak=",
      "requires": {
        "primer-support": "4.0.7"
      }
    },
    "primer-cards": {
      "version": "0.1.8",
      "resolved": "https://registry.npmjs.org/primer-cards/-/primer-cards-0.1.8.tgz",
      "integrity": "sha1-JAZXoWtLV5/phNL1aI0Jv+nHCx0=",
      "requires": {
        "primer-marketing-support": "1.0.2",
        "primer-support": "4.0.7"
      }
    },
    "primer-core": {
      "version": "6.0.0",
      "resolved": "https://registry.npmjs.org/primer-core/-/primer-core-6.0.0.tgz",
      "integrity": "sha1-R08qyv31qzHDTa6L697XuAeZ6hc=",
      "requires": {
        "primer-base": "1.1.5",
        "primer-box": "2.1.8",
        "primer-buttons": "2.0.6",
        "primer-forms": "1.0.13",
        "primer-layout": "1.0.5",
        "primer-navigation": "1.0.6",
        "primer-support": "4.0.7",
        "primer-table-object": "1.0.9",
        "primer-tooltips": "1.0.2",
        "primer-truncate": "1.0.2",
        "primer-utilities": "4.3.5"
      }
    },
    "primer-forms": {
      "version": "1.0.13",
      "resolved": "https://registry.npmjs.org/primer-forms/-/primer-forms-1.0.13.tgz",
      "integrity": "sha1-XdwAjLCDtiWHHctLDjlM2z3ESZE=",
      "requires": {
        "primer-support": "4.0.7"
      }
    },
    "primer-layout": {
      "version": "1.0.5",
      "resolved": "https://registry.npmjs.org/primer-layout/-/primer-layout-1.0.5.tgz",
      "integrity": "sha1-Jm96jCyLGknv5nc8EGhfuZ5YhTA=",
      "requires": {
        "primer-support": "4.0.7"
      }
    },
    "primer-marketing": {
      "version": "5.0.2",
      "resolved": "https://registry.npmjs.org/primer-marketing/-/primer-marketing-5.0.2.tgz",
      "integrity": "sha1-x6Dg6bx2JSIbTavxyZL/NedEnGM=",
      "requires": {
        "primer-breadcrumb": "1.0.2",
        "primer-cards": "0.1.8",
        "primer-marketing-support": "1.0.2",
        "primer-marketing-type": "1.0.2",
        "primer-marketing-utilities": "1.0.2",
        "primer-page-headers": "1.0.2",
        "primer-page-sections": "1.0.2",
        "primer-support": "4.0.7",
        "primer-tables": "1.0.2"
      }
    },
    "primer-marketing-support": {
      "version": "1.0.2",
      "resolved": "https://registry.npmjs.org/primer-marketing-support/-/primer-marketing-support-1.0.2.tgz",
      "integrity": "sha1-L4iJSbcJ0neXNjmTBpl4PfmI1jo="
    },
    "primer-marketing-type": {
      "version": "1.0.2",
      "resolved": "https://registry.npmjs.org/primer-marketing-type/-/primer-marketing-type-1.0.2.tgz",
      "integrity": "sha1-ELi2ZMQeoDhbeVoA2e2+359eq7I=",
      "requires": {
        "primer-marketing-support": "1.0.2",
        "primer-support": "4.0.7"
      }
    },
    "primer-marketing-utilities": {
      "version": "1.0.2",
      "resolved": "https://registry.npmjs.org/primer-marketing-utilities/-/primer-marketing-utilities-1.0.2.tgz",
      "integrity": "sha1-vUMh14exRbbBL6K4gV4V8dm7oyQ=",
      "requires": {
        "primer-marketing-support": "1.0.2",
        "primer-support": "4.0.7"
      }
    },
    "primer-navigation": {
      "version": "1.0.6",
      "resolved": "https://registry.npmjs.org/primer-navigation/-/primer-navigation-1.0.6.tgz",
      "integrity": "sha1-RY4ZcJvPjp/CphXVobDX0cXVfmo=",
      "requires": {
        "primer-support": "4.0.7"
      }
    },
    "primer-page-headers": {
      "version": "1.0.2",
      "resolved": "https://registry.npmjs.org/primer-page-headers/-/primer-page-headers-1.0.2.tgz",
      "integrity": "sha1-g1xhGHX7HCU7GUkb8I/zfVqLUT8=",
      "requires": {
        "primer-marketing-support": "1.0.2",
        "primer-support": "4.0.7"
      }
    },
    "primer-page-sections": {
      "version": "1.0.2",
      "resolved": "https://registry.npmjs.org/primer-page-sections/-/primer-page-sections-1.0.2.tgz",
      "integrity": "sha1-z4mhW/tlpF6vFk8/Zrs0t9YwEts=",
      "requires": {
        "primer-marketing-support": "1.0.2",
        "primer-support": "4.0.7"
      }
    },
    "primer-support": {
      "version": "4.0.7",
      "resolved": "https://registry.npmjs.org/primer-support/-/primer-support-4.0.7.tgz",
      "integrity": "sha1-ycQzxaWXp4Imhw6j0YxL8Olu6rQ="
    },
    "primer-table-object": {
      "version": "1.0.9",
      "resolved": "https://registry.npmjs.org/primer-table-object/-/primer-table-object-1.0.9.tgz",
      "integrity": "sha1-3KoHzcgG0/h+zqGuEHF8TBhoYoE=",
      "requires": {
        "primer-support": "4.0.7"
      }
    },
    "primer-tables": {
      "version": "1.0.2",
      "resolved": "https://registry.npmjs.org/primer-tables/-/primer-tables-1.0.2.tgz",
      "integrity": "sha1-2aNGw1VbtU5/aJijzGCqLUS1nYY=",
      "requires": {
        "primer-marketing-support": "1.0.2",
        "primer-support": "4.0.7"
      }
    },
    "primer-tooltips": {
      "version": "1.0.2",
      "resolved": "https://registry.npmjs.org/primer-tooltips/-/primer-tooltips-1.0.2.tgz",
      "integrity": "sha1-BXKXOXu0UDgvxzajubfHduiIpn8=",
      "requires": {
        "primer-support": "4.0.7"
      }
    },
    "primer-truncate": {
      "version": "1.0.2",
      "resolved": "https://registry.npmjs.org/primer-truncate/-/primer-truncate-1.0.2.tgz",
      "integrity": "sha1-3L+knGlT8mS2/3xq8P91pYWB1nE=",
      "requires": {
        "primer-support": "4.0.7"
      }
    },
    "primer-utilities": {
      "version": "4.3.5",
      "resolved": "https://registry.npmjs.org/primer-utilities/-/primer-utilities-4.3.5.tgz",
      "integrity": "sha1-QsWOaBRZST/pnylWxLO/fAQAXWc=",
      "requires": {
        "primer-support": "4.0.7"
      }
    }
  }
}
