{
  "name": "open-source-guide",
  "requires": true,
  "lockfileVersion": 1,
  "dependencies": {
    "primer-base": {
      "version": "1.7.2",
      "resolved": "https://registry.npmjs.org/primer-base/-/primer-base-1.7.2.tgz",
      "integrity": "sha1-lGbExF6im1VVeY/2Zt0q/NxPUbc=",
      "requires": {
        "primer-support": "4.5.4"
      }
    },
    "primer-box": {
      "version": "2.5.7",
      "resolved": "https://registry.npmjs.org/primer-box/-/primer-box-2.5.7.tgz",
      "integrity": "sha1-acC+Hx1qw/daZPkKdLbYX2BttxU=",
      "requires": {
        "primer-support": "4.5.4"
      }
    },
    "primer-breadcrumb": {
      "version": "1.5.3",
      "resolved": "https://registry.npmjs.org/primer-breadcrumb/-/primer-breadcrumb-1.5.3.tgz",
      "integrity": "sha1-+EC0YaR2+M3lgv/zUjjJMz7lUfY=",
      "requires": {
        "primer-support": "4.5.4"
      }
    },
    "primer-buttons": {
      "version": "2.5.5",
      "resolved": "https://registry.npmjs.org/primer-buttons/-/primer-buttons-2.5.5.tgz",
      "integrity": "sha1-p44PnfiXj7/PVHSXkhR8PjNUk/4=",
      "requires": {
        "primer-support": "4.5.4"
      }
    },
    "primer-core": {
      "version": "6.10.1",
      "resolved": "https://registry.npmjs.org/primer-core/-/primer-core-6.10.1.tgz",
      "integrity": "sha1-24XiFXag36DdJmMAEqxu+xatdb4=",
      "requires": {
        "primer-base": "1.7.2",
        "primer-box": "2.5.7",
        "primer-breadcrumb": "1.5.3",
        "primer-buttons": "2.5.5",
        "primer-forms": "2.1.2",
        "primer-layout": "1.4.7",
        "primer-navigation": "1.5.5",
        "primer-pagination": "1.0.1",
        "primer-support": "4.5.4",
        "primer-table-object": "1.4.7",
        "primer-tooltips": "1.5.5",
        "primer-truncate": "1.4.7",
        "primer-utilities": "4.11.1"
      }
    },
    "primer-forms": {
      "version": "2.1.2",
      "resolved": "https://registry.npmjs.org/primer-forms/-/primer-forms-2.1.2.tgz",
      "integrity": "sha1-c7nLgzGagnip9YMpi7ybZ5wuzUU=",
      "requires": {
        "primer-support": "4.5.4"
      }
    },
    "primer-layout": {
      "version": "1.4.7",
      "resolved": "https://registry.npmjs.org/primer-layout/-/primer-layout-1.4.7.tgz",
      "integrity": "sha1-7xi0UlsBBCZNvbEjROCS3WWex6A=",
      "requires": {
        "primer-support": "4.5.4"
      }
    },
    "primer-marketing": {
      "version": "6.2.2",
      "resolved": "https://registry.npmjs.org/primer-marketing/-/primer-marketing-6.2.2.tgz",
      "integrity": "sha1-HXCHr91RD+JlcKGz182YGmUK63Y=",
      "requires": {
        "primer-marketing-buttons": "1.0.6",
        "primer-marketing-support": "1.5.2",
        "primer-marketing-type": "1.4.7",
        "primer-marketing-utilities": "1.6.3",
        "primer-page-headers": "1.4.7",
        "primer-page-sections": "1.4.7",
        "primer-support": "4.5.4",
        "primer-tables": "1.4.7"
      }
    },
    "primer-marketing-buttons": {
      "version": "1.0.6",
      "resolved": "https://registry.npmjs.org/primer-marketing-buttons/-/primer-marketing-buttons-1.0.6.tgz",
      "integrity": "sha1-UMBSi4QtTnPGiEJR37vdnw4K4KI=",
      "requires": {
        "primer-support": "4.5.4"
      }
    },
    "primer-marketing-support": {
      "version": "1.5.2",
      "resolved": "https://registry.npmjs.org/primer-marketing-support/-/primer-marketing-support-1.5.2.tgz",
      "integrity": "sha1-WfYpnvGtldv12xo6vEQfKdAfCYw="
    },
    "primer-marketing-type": {
      "version": "1.4.7",
      "resolved": "https://registry.npmjs.org/primer-marketing-type/-/primer-marketing-type-1.4.7.tgz",
      "integrity": "sha1-NnXtxpoPMSBaE4cUSPt0jN5tEBY=",
      "requires": {
        "primer-marketing-support": "1.5.2",
        "primer-support": "4.5.4"
      }
    },
    "primer-marketing-utilities": {
      "version": "1.6.3",
      "resolved": "https://registry.npmjs.org/primer-marketing-utilities/-/primer-marketing-utilities-1.6.3.tgz",
      "integrity": "sha1-feBG/AX2Wt+NtYb/Fb56uHMsmOQ=",
      "requires": {
        "primer-marketing-support": "1.5.2",
        "primer-support": "4.5.4"
      }
    },
    "primer-navigation": {
      "version": "1.5.5",
      "resolved": "https://registry.npmjs.org/primer-navigation/-/primer-navigation-1.5.5.tgz",
      "integrity": "sha1-1DNMCuFR0m1OQhsQ0k68EWcJkRw=",
      "requires": {
        "primer-support": "4.5.4"
      }
    },
    "primer-page-headers": {
      "version": "1.4.7",
      "resolved": "https://registry.npmjs.org/primer-page-headers/-/primer-page-headers-1.4.7.tgz",
      "integrity": "sha1-nZgMhoDI+Kt/+DjMMHDaTmJSaPw=",
      "requires": {
        "primer-marketing-support": "1.5.2",
        "primer-support": "4.5.4"
      }
    },
    "primer-page-sections": {
      "version": "1.4.7",
      "resolved": "https://registry.npmjs.org/primer-page-sections/-/primer-page-sections-1.4.7.tgz",
      "integrity": "sha1-5YnZWzKie052Yr3WAP298JXSY2k=",
      "requires": {
        "primer-marketing-support": "1.5.2",
        "primer-support": "4.5.4"
      }
    },
    "primer-pagination": {
      "version": "1.0.1",
      "resolved": "https://registry.npmjs.org/primer-pagination/-/primer-pagination-1.0.1.tgz",
      "integrity": "sha1-Ki8d63kBpxUc9I+atyz6DdHrmz4=",
      "requires": {
        "primer-support": "4.5.4"
      }
    },
    "primer-support": {
      "version": "4.5.4",
      "resolved": "https://registry.npmjs.org/primer-support/-/primer-support-4.5.4.tgz",
      "integrity": "sha1-BfNa+u4ncyZMSJ+rYzC5MVc7YEc="
    },
    "primer-table-object": {
      "version": "1.4.7",
      "resolved": "https://registry.npmjs.org/primer-table-object/-/primer-table-object-1.4.7.tgz",
      "integrity": "sha1-f53S6HDZ5hvyT+pwLrHP1UURLmw=",
      "requires": {
        "primer-support": "4.5.4"
      }
    },
    "primer-tables": {
      "version": "1.4.7",
      "resolved": "https://registry.npmjs.org/primer-tables/-/primer-tables-1.4.7.tgz",
      "integrity": "sha1-4Z5PCt/uieu3bfudoH5Wx21xhAg=",
      "requires": {
        "primer-marketing-support": "1.5.2",
        "primer-support": "4.5.4"
      }
    },
    "primer-tooltips": {
      "version": "1.5.5",
      "resolved": "https://registry.npmjs.org/primer-tooltips/-/primer-tooltips-1.5.5.tgz",
      "integrity": "sha1-6nkpxJift6daHdRHGu7GLQkw2No=",
      "requires": {
        "primer-support": "4.5.4"
      }
    },
    "primer-truncate": {
      "version": "1.4.7",
      "resolved": "https://registry.npmjs.org/primer-truncate/-/primer-truncate-1.4.7.tgz",
      "integrity": "sha1-OM1ub73bLOR9GMoXQHzJDs05Nps=",
      "requires": {
        "primer-support": "4.5.4"
      }
    },
    "primer-utilities": {
      "version": "4.11.1",
      "resolved": "https://registry.npmjs.org/primer-utilities/-/primer-utilities-4.11.1.tgz",
      "integrity": "sha1-Qiex4ABpJhR57FTk1t9xrRB7Hsk=",
      "requires": {
        "primer-support": "4.5.4"
      }
    }
  }
}
